
Microsoft Visual Studio Solution File, Format Version 12.00
# Visual Studio Version 17
VisualStudioVersion = 17.4.33213.308
MinimumVisualStudioVersion = 10.0.40219.1
Project("{FAE04EC0-301F-11D3-BF4B-00C04F79EFBC}") = "cascadedropdown", "cascadedropdown\cascadedropdown.csproj", "{A0E24107-3DEE-4C8C-8222-0CA21C799040}"
EndProject
Global
	GlobalSection(SolutionConfigurationPlatforms) = preSolution
		Debug|Any CPU = Debug|Any CPU
		Release|Any CPU = Release|Any CPU
	EndGlobalSection
	GlobalSection(ProjectConfigurationPlatforms) = postSolution
		{A0E24107-3DEE-4C8C-8222-0CA21C799040}.Debug|Any CPU.ActiveCfg = Debug|Any CPU
		{A0E24107-3DEE-4C8C-8222-0CA21C799040}.Debug|Any CPU.Build.0 = Debug|Any CPU
		{A0E24107-3DEE-4C8C-8222-0CA21C799040}.Release|Any CPU.ActiveCfg = Release|Any CPU
		{A0E24107-3DEE-4C8C-8222-0CA21C799040}.Release|Any CPU.Build.0 = Release|Any CPU
	EndGlobalSection
	GlobalSection(SolutionProperties) = preSolution
		HideSolutionNode = FALSE
	EndGlobalSection
	GlobalSection(ExtensibilityGlobals) = postSolution
		SolutionGuid = {F8E29564-CD09-4129-94CD-E933C4256176}
	EndGlobalSection
EndGlobal
